
Microsoft Visual Studio Solution File, Format Version 12.00
# Visual Studio Version 17
VisualStudioVersion = 17.14.36705.20
MinimumVisualStudioVersion = 10.0.40219.1
Project("{FAE04EC0-301F-11D3-BF4B-00C04F79EFBC}") = "EventBriteClone", "EventBriteClone.csproj", "{5279AD53-2CA4-4AA1-B472-A7B650475E5B}"
EndProject
Global
	GlobalSection(SolutionConfigurationPlatforms) = preSolution
		Debug|Any CPU = Debug|Any CPU
		Release|Any CPU = Release|Any CPU
	EndGlobalSection
	GlobalSection(ProjectConfigurationPlatforms) = postSolution
		{5279AD53-2CA4-4AA1-B472-A7B650475E5B}.Debug|Any CPU.ActiveCfg = Debug|Any CPU
		{5279AD53-2CA4-4AA1-B472-A7B650475E5B}.Debug|Any CPU.Build.0 = Debug|Any CPU
		{5279AD53-2CA4-4AA1-B472-A7B650475E5B}.Release|Any CPU.ActiveCfg = Release|Any CPU
		{5279AD53-2CA4-4AA1-B472-A7B650475E5B}.Release|Any CPU.Build.0 = Release|Any CPU
	EndGlobalSection
	GlobalSection(SolutionProperties) = preSolution
		HideSolutionNode = FALSE
	EndGlobalSection
	GlobalSection(ExtensibilityGlobals) = postSolution
		SolutionGuid = {C459F2FF-92FB-49F4-9CA8-B4D083FA4FF6}
	EndGlobalSection
EndGlobal
